
Microsoft Visual Studio Solution File, Format Version 12.00
# Visual Studio Version 17
VisualStudioVersion = 17.5.002.0
MinimumVisualStudioVersion = 10.0.40219.1
Project("{2150E333-8FDC-42A3-9474-1A3956D46DE8}") = "csharp-prep", "csharp-prep", "{9997B68D-95E4-484E-822D-0D1F872211F9}"
EndProject
Project("{9A19103F-16F7-4668-BE54-9A1E7A4F7556}") = "Prep1", "csharp-prep\Prep1\Prep1.csproj", "{34B7EF89-87C0-469B-90B5-21DD4C589043}"
EndProject
Project("{9A19103F-16F7-4668-BE54-9A1E7A4F7556}") = "Prep2", "csharp-prep\Prep2\Prep2.csproj", "{F404F31B-A9A3-4DED-8CA3-99CA0C74AF2B}"
EndProject
Project("{9A19103F-16F7-4668-BE54-9A1E7A4F7556}") = "Prep3", "csharp-prep\Prep3\Prep3.csproj", "{0D0E87E5-B97F-4CE7-90D2-2DE045B177A1}"
EndProject
Project("{9A19103F-16F7-4668-BE54-9A1E7A4F7556}") = "Prep4", "csharp-prep\Prep4\Prep4.csproj", "{F2DF75C6-20DE-4425-9A60-6F8FB44EE8A4}"
EndProject
Project("{9A19103F-16F7-4668-BE54-9A1E7A4F7556}") = "Prep5", "csharp-prep\Prep5\Prep5.csproj", "{117C9560-20B9-4402-9774-B7A5A1A80B00}"
EndProject
Project("{2150E333-8FDC-42A3-9474-1A3956D46DE8}") = "final", "final", "{FD64E6F5-D8F0-4493-BB53-E036885DAC4D}"
EndProject
Project("{9A19103F-16F7-4668-BE54-9A1E7A4F7556}") = "FinalProject", "final\FinalProject\FinalProject.csproj", "{D3C20E5E-B1E3-41F5-B6C6-D71B08CE4E7E}"
EndProject
Project("{9A19103F-16F7-4668-BE54-9A1E7A4F7556}") = "Foundation1", "final\Foundation1\Foundation1.csproj", "{B18A989C-ADCF-4378-B91F-AFD3C3BA239C}"
EndProject
Project("{9A19103F-16F7-4668-BE54-9A1E7A4F7556}") = "Foundation2", "final\Foundation2\Foundation2.csproj", "{A78D0B0D-F906-4C72-8A1D-B22BC522AACD}"
EndProject
Project("{9A19103F-16F7-4668-BE54-9A1E7A4F7556}") = "Foundation3", "final\Foundation3\Foundation3.csproj", "{A3341AE6-CB0A-42AA-88E5-91EF68CA47B2}"
EndProject
Project("{9A19103F-16F7-4668-BE54-9A1E7A4F7556}") = "Foundation4", "final\Foundation4\Foundation4.csproj", "{C65C4BD8-4306-4DDA-A419-8AB7CF681831}"
EndProject
Project("{2150E333-8FDC-42A3-9474-1A3956D46DE8}") = "prepare", "prepare", "{E8AF282B-703D-4806-B4CB-DAFFC795A3D9}"
EndProject
Project("{9A19103F-16F7-4668-BE54-9A1E7A4F7556}") = "Learning02", "prepare\Learning02\Learning02.csproj", "{7E1081C3-FF20-471F-B5C0-0C475A24935C}"
EndProject
Project("{9A19103F-16F7-4668-BE54-9A1E7A4F7556}") = "Learning03", "prepare\Learning03\Learning03.csproj", "{2C5321EC-6917-423B-9520-F7AC8A1C23AD}"
EndProject
Project("{9A19103F-16F7-4668-BE54-9A1E7A4F7556}") = "Learning04", "prepare\Learning04\Learning04.csproj", "{F400631C-0365-480E-B35A-68EFAB152194}"
EndProject
Project("{9A19103F-16F7-4668-BE54-9A1E7A4F7556}") = "Learning05", "prepare\Learning05\Learning05.csproj", "{50CDDF10-BD2B-4F93-B06B-4367ECC0CCEB}"
EndProject
Project("{2150E333-8FDC-42A3-9474-1A3956D46DE8}") = "prove", "prove", "{A052C8CD-97FE-48B5-9307-5D8841BA828D}"
EndProject
Project("{9A19103F-16F7-4668-BE54-9A1E7A4F7556}") = "Develop02", "prove\Develop02\Develop02.csproj", "{A79F1E49-66EF-473C-A1A3-1B8EC22D4D62}"
EndProject
Project("{9A19103F-16F7-4668-BE54-9A1E7A4F7556}") = "Develop03", "prove\Develop03\Develop03.csproj", "{3776DEDE-7015-468C-86FC-70D5A0D71878}"
EndProject
Project("{9A19103F-16F7-4668-BE54-9A1E7A4F7556}") = "Develop04", "prove\Develop04\Develop04.csproj", "{57BC781A-5624-4F09-AD03-9F38DDED3835}"
EndProject
Project("{9A19103F-16F7-4668-BE54-9A1E7A4F7556}") = "Develop05", "prove\Develop05\Develop05.csproj", "{DA470CD1-5D6D-45E6-9613-A78EF340ADF0}"
EndProject
Project("{2150E333-8FDC-42A3-9474-1A3956D46DE8}") = "sandbox", "sandbox", "{5A332009-2BBF-4FE3-9D7E-0F5C17C0B4D7}"
EndProject
Project("{9A19103F-16F7-4668-BE54-9A1E7A4F7556}") = "Sandbox", "sandbox\Sandbox\Sandbox.csproj", "{96BF0FFA-4D03-43D7-8698-30D3FC77C00D}"
EndProject
Global
	GlobalSection(SolutionConfigurationPlatforms) = preSolution
		Debug|Any CPU = Debug|Any CPU
		Release|Any CPU = Release|Any CPU
	EndGlobalSection
	GlobalSection(ProjectConfigurationPlatforms) = postSolution
		{34B7EF89-87C0-469B-90B5-21DD4C589043}.Debug|Any CPU.ActiveCfg = Debug|Any CPU
		{34B7EF89-87C0-469B-90B5-21DD4C589043}.Debug|Any CPU.Build.0 = Debug|Any CPU
		{34B7EF89-87C0-469B-90B5-21DD4C589043}.Release|Any CPU.ActiveCfg = Release|Any CPU
		{34B7EF89-87C0-469B-90B5-21DD4C589043}.Release|Any CPU.Build.0 = Release|Any CPU
		{F404F31B-A9A3-4DED-8CA3-99CA0C74AF2B}.Debug|Any CPU.ActiveCfg = Debug|Any CPU
		{F404F31B-A9A3-4DED-8CA3-99CA0C74AF2B}.Debug|Any CPU.Build.0 = Debug|Any CPU
		{F404F31B-A9A3-4DED-8CA3-99CA0C74AF2B}.Release|Any CPU.ActiveCfg = Release|Any CPU
		{F404F31B-A9A3-4DED-8CA3-99CA0C74AF2B}.Release|Any CPU.Build.0 = Release|Any CPU
		{0D0E87E5-B97F-4CE7-90D2-2DE045B177A1}.Debug|Any CPU.ActiveCfg = Debug|Any CPU
		{0D0E87E5-B97F-4CE7-90D2-2DE045B177A1}.Debug|Any CPU.Build.0 = Debug|Any CPU
		{0D0E87E5-B97F-4CE7-90D2-2DE045B177A1}.Release|Any CPU.ActiveCfg = Release|Any CPU
		{0D0E87E5-B97F-4CE7-90D2-2DE045B177A1}.Release|Any CPU.Build.0 = Release|Any CPU
		{F2DF75C6-20DE-4425-9A60-6F8FB44EE8A4}.Debug|Any CPU.ActiveCfg = Debug|Any CPU
		{F2DF75C6-20DE-4425-9A60-6F8FB44EE8A4}.Debug|Any CPU.Build.0 = Debug|Any CPU
		{F2DF75C6-20DE-4425-9A60-6F8FB44EE8A4}.Release|Any CPU.ActiveCfg = Release|Any CPU
		{F2DF75C6-20DE-4425-9A60-6F8FB44EE8A4}.Release|Any CPU.Build.0 = Release|Any CPU
		{117C9560-20B9-4402-9774-B7A5A1A80B00}.Debug|Any CPU.ActiveCfg = Debug|Any CPU
		{117C9560-20B9-4402-9774-B7A5A1A80B00}.Debug|Any CPU.Build.0 = Debug|Any CPU
		{117C9560-20B9-4402-9774-B7A5A1A80B00}.Release|Any CPU.ActiveCfg = Release|Any CPU
		{117C9560-20B9-4402-9774-B7A5A1A80B00}.Release|Any CPU.Build.0 = Release|Any CPU
		{D3C20E5E-B1E3-41F5-B6C6-D71B08CE4E7E}.Debug|Any CPU.ActiveCfg = Debug|Any CPU
		{D3C20E5E-B1E3-41F5-B6C6-D71B08CE4E7E}.Debug|Any CPU.Build.0 = Debug|Any CPU
		{D3C20E5E-B1E3-41F5-B6C6-D71B08CE4E7E}.Release|Any CPU.ActiveCfg = Release|Any CPU
		{D3C20E5E-B1E3-41F5-B6C6-D71B08CE4E7E}.Release|Any CPU.Build.0 = Release|Any CPU
		{B18A989C-ADCF-4378-B91F-AFD3C3BA239C}.Debug|Any CPU.ActiveCfg = Debug|Any CPU
		{B18A989C-ADCF-4378-B91F-AFD3C3BA239C}.Debug|Any CPU.Build.0 = Debug|Any CPU
		{B18A989C-ADCF-4378-B91F-AFD3C3BA239C}.Release|Any CPU.ActiveCfg = Release|Any CPU
		{B18A989C-ADCF-4378-B91F-AFD3C3BA239C}.Release|Any CPU.Build.0 = Release|Any CPU
		{A78D0B0D-F906-4C72-8A1D-B22BC522AACD}.Debug|Any CPU.ActiveCfg = Debug|Any CPU
		{A78D0B0D-F906-4C72-8A1D-B22BC522AACD}.Debug|Any CPU.Build.0 = Debug|Any CPU
		{A78D0B0D-F906-4C72-8A1D-B22BC522AACD}.Release|Any CPU.ActiveCfg = Release|Any CPU
		{A78D0B0D-F906-4C72-8A1D-B22BC522AACD}.Release|Any CPU.Build.0 = Release|Any CPU
		{A3341AE6-CB0A-42AA-88E5-91EF68CA47B2}.Debug|Any CPU.ActiveCfg = Debug|Any CPU
		{A3341AE6-CB0A-42AA-88E5-91EF68CA47B2}.Debug|Any CPU.Build.0 = Debug|Any CPU
		{A3341AE6-CB0A-42AA-88E5-91EF68CA47B2}.Release|Any CPU.ActiveCfg = Release|Any CPU
		{A3341AE6-CB0A-42AA-88E5-91EF68CA47B2}.Release|Any CPU.Build.0 = Release|Any CPU
		{C65C4BD8-4306-4DDA-A419-8AB7CF681831}.Debug|Any CPU.ActiveCfg = Debug|Any CPU
		{C65C4BD8-4306-4DDA-A419-8AB7CF681831}.Debug|Any CPU.Build.0 = Debug|Any CPU
		{C65C4BD8-4306-4DDA-A419-8AB7CF681831}.Release|Any CPU.ActiveCfg = Release|Any CPU
		{C65C4BD8-4306-4DDA-A419-8AB7CF681831}.Release|Any CPU.Build.0 = Release|Any CPU
		{7E1081C3-FF20-471F-B5C0-0C475A24935C}.Debug|Any CPU.ActiveCfg = Debug|Any CPU
		{7E1081C3-FF20-471F-B5C0-0C475A24935C}.Debug|Any CPU.Build.0 = Debug|Any CPU
		{7E1081C3-FF20-471F-B5C0-0C475A24935C}.Release|Any CPU.ActiveCfg = Release|Any CPU
		{7E1081C3-FF20-471F-B5C0-0C475A24935C}.Release|Any CPU.Build.0 = Release|Any CPU
		{2C5321EC-6917-423B-9520-F7AC8A1C23AD}.Debug|Any CPU.ActiveCfg = Debug|Any CPU
		{2C5321EC-6917-423B-9520-F7AC8A1C23AD}.Debug|Any CPU.Build.0 = Debug|Any CPU
		{2C5321EC-6917-423B-9520-F7AC8A1C23AD}.Release|Any CPU.ActiveCfg = Release|Any CPU
		{2C5321EC-6917-423B-9520-F7AC8A1C23AD}.Release|Any CPU.Build.0 = Release|Any CPU
		{F400631C-0365-480E-B35A-68EFAB152194}.Debug|Any CPU.ActiveCfg = Debug|Any CPU
		{F400631C-0365-480E-B35A-68EFAB152194}.Debug|Any CPU.Build.0 = Debug|Any CPU
		{F400631C-0365-480E-B35A-68EFAB152194}.Release|Any CPU.ActiveCfg = Release|Any CPU
		{F400631C-0365-480E-B35A-68EFAB152194}.Release|Any CPU.Build.0 = Release|Any CPU
		{50CDDF10-BD2B-4F93-B06B-4367ECC0CCEB}.Debug|Any CPU.ActiveCfg = Debug|Any CPU
		{50CDDF10-BD2B-4F93-B06B-4367ECC0CCEB}.Debug|Any CPU.Build.0 = Debug|Any CPU
		{50CDDF10-BD2B-4F93-B06B-4367ECC0CCEB}.Release|Any CPU.ActiveCfg = Release|Any CPU
		{50CDDF10-BD2B-4F93-B06B-4367ECC0CCEB}.Release|Any CPU.Build.0 = Release|Any CPU
		{A79F1E49-66EF-473C-A1A3-1B8EC22D4D62}.Debug|Any CPU.ActiveCfg = Debug|Any CPU
		{A79F1E49-66EF-473C-A1A3-1B8EC22D4D62}.Debug|Any CPU.Build.0 = Debug|Any CPU
		{A79F1E49-66EF-473C-A1A3-1B8EC22D4D62}.Release|Any CPU.ActiveCfg = Release|Any CPU
		{A79F1E49-66EF-473C-A1A3-1B8EC22D4D62}.Release|Any CPU.Build.0 = Release|Any CPU
		{3776DEDE-7015-468C-86FC-70D5A0D71878}.Debug|Any CPU.ActiveCfg = Debug|Any CPU
		{3776DEDE-7015-468C-86FC-70D5A0D71878}.Debug|Any CPU.Build.0 = Debug|Any CPU
		{3776DEDE-7015-468C-86FC-70D5A0D71878}.Release|Any CPU.ActiveCfg = Release|Any CPU
		{3776DEDE-7015-468C-86FC-70D5A0D71878}.Release|Any CPU.Build.0 = Release|Any CPU
		{57BC781A-5624-4F09-AD03-9F38DDED3835}.Debug|Any CPU.ActiveCfg = Debug|Any CPU
		{57BC781A-5624-4F09-AD03-9F38DDED3835}.Debug|Any CPU.Build.0 = Debug|Any CPU
		{57BC781A-5624-4F09-AD03-9F38DDED3835}.Release|Any CPU.ActiveCfg = Release|Any CPU
		{57BC781A-5624-4F09-AD03-9F38DDED3835}.Release|Any CPU.Build.0 = Release|Any CPU
		{DA470CD1-5D6D-45E6-9613-A78EF340ADF0}.Debug|Any CPU.ActiveCfg = Debug|Any CPU
		{DA470CD1-5D6D-45E6-9613-A78EF340ADF0}.Debug|Any CPU.Build.0 = Debug|Any CPU
		{DA470CD1-5D6D-45E6-9613-A78EF340ADF0}.Release|Any CPU.ActiveCfg = Release|Any CPU
		{DA470CD1-5D6D-45E6-9613-A78EF340ADF0}.Release|Any CPU.Build.0 = Release|Any CPU
		{96BF0FFA-4D03-43D7-8698-30D3FC77C00D}.Debug|Any CPU.ActiveCfg = Debug|Any CPU
		{96BF0FFA-4D03-43D7-8698-30D3FC77C00D}.Debug|Any CPU.Build.0 = Debug|Any CPU
		{96BF0FFA-4D03-43D7-8698-30D3FC77C00D}.Release|Any CPU.ActiveCfg = Release|Any CPU
		{96BF0FFA-4D03-43D7-8698-30D3FC77C00D}.Release|Any CPU.Build.0 = Release|Any CPU
	EndGlobalSection
	GlobalSection(SolutionProperties) = preSolution
		HideSolutionNode = FALSE
	EndGlobalSection
	GlobalSection(NestedProjects) = preSolution
		{34B7EF89-87C0-469B-90B5-21DD4C589043} = {9997B68D-95E4-484E-822D-0D1F872211F9}
		{F404F31B-A9A3-4DED-8CA3-99CA0C74AF2B} = {9997B68D-95E4-484E-822D-0D1F872211F9}
		{0D0E87E5-B97F-4CE7-90D2-2DE045B177A1} = {9997B68D-95E4-484E-822D-0D1F872211F9}
		{F2DF75C6-20DE-4425-9A60-6F8FB44EE8A4} = {9997B68D-95E4-484E-822D-0D1F872211F9}
		{117C9560-20B9-4402-9774-B7A5A1A80B00} = {9997B68D-95E4-484E-822D-0D1F872211F9}
		{D3C20E5E-B1E3-41F5-B6C6-D71B08CE4E7E} = {FD64E6F5-D8F0-4493-BB53-E036885DAC4D}
		{B18A989C-ADCF-4378-B91F-AFD3C3BA239C} = {FD64E6F5-D8F0-4493-BB53-E036885DAC4D}
		{A78D0B0D-F906-4C72-8A1D-B22BC522AACD} = {FD64E6F5-D8F0-4493-BB53-E036885DAC4D}
		{A3341AE6-CB0A-42AA-88E5-91EF68CA47B2} = {FD64E6F5-D8F0-4493-BB53-E036885DAC4D}
		{C65C4BD8-4306-4DDA-A419-8AB7CF681831} = {FD64E6F5-D8F0-4493-BB53-E036885DAC4D}
		{7E1081C3-FF20-471F-B5C0-0C475A24935C} = {E8AF282B-703D-4806-B4CB-DAFFC795A3D9}
		{2C5321EC-6917-423B-9520-F7AC8A1C23AD} = {E8AF282B-703D-4806-B4CB-DAFFC795A3D9}
		{F400631C-0365-480E-B35A-68EFAB152194} = {E8AF282B-703D-4806-B4CB-DAFFC795A3D9}
		{50CDDF10-BD2B-4F93-B06B-4367ECC0CCEB} = {E8AF282B-703D-4806-B4CB-DAFFC795A3D9}
		{A79F1E49-66EF-473C-A1A3-1B8EC22D4D62} = {A052C8CD-97FE-48B5-9307-5D8841BA828D}
		{3776DEDE-7015-468C-86FC-70D5A0D71878} = {A052C8CD-97FE-48B5-9307-5D8841BA828D}
		{57BC781A-5624-4F09-AD03-9F38DDED3835} = {A052C8CD-97FE-48B5-9307-5D8841BA828D}
		{DA470CD1-5D6D-45E6-9613-A78EF340ADF0} = {A052C8CD-97FE-48B5-9307-5D8841BA828D}
		{96BF0FFA-4D03-43D7-8698-30D3FC77C00D} = {5A332009-2BBF-4FE3-9D7E-0F5C17C0B4D7}
	EndGlobalSection
	GlobalSection(ExtensibilityGlobals) = postSolution
		SolutionGuid = {7EF444EF-1E65-4E7F-9E87-CF03EA774596}
	EndGlobalSection
EndGlobal
